
Microsoft Visual Studio Solution File, Format Version 12.00
# Visual Studio Version 18
VisualStudioVersion = 18.4.11612.150
MinimumVisualStudioVersion = 10.0.40219.1
Project("{9A19103F-16F7-4668-BE54-9A1E7A4F7556}") = "BYTES.NET.WPF", "BYTES.NET.WPF\BYTES.NET.WPF.csproj", "{398EA230-460B-4A2A-8D30-E99E0BEF4005}"
EndProject
Project("{2150E333-8FDC-42A3-9474-1A3956D46DE8}") = "Tests & References", "Tests & References", "{18B25B41-BFB7-4449-AABB-3BB22AF16900}"
EndProject
Project("{9A19103F-16F7-4668-BE54-9A1E7A4F7556}") = "BYTES.NET.WPF.App", "Tests & References\BYTES.NET.WPF.App\BYTES.NET.WPF.App.csproj", "{522903EA-0230-4191-AA85-55A943C850E5}"
EndProject
Project("{FAE04EC0-301F-11D3-BF4B-00C04F79EFBC}") = "BYTES.NET.Tests-Old", "Tests & References\BYTES.NET.Tests\BYTES.NET.Tests-Old.csproj", "{ACCE6866-427B-4DD3-A929-F8089E4D99F5}"
EndProject
Project("{FAE04EC0-301F-11D3-BF4B-00C04F79EFBC}") = "BYTES.NET.Windows", "BYTES.NET.Windows\BYTES.NET.Windows.csproj", "{B58F710C-A022-42BA-BE6F-82D724FE1613}"
EndProject
Project("{2150E333-8FDC-42A3-9474-1A3956D46DE8}") = "BYTES.NET (Core)", "BYTES.NET (Core)", "{02EA681E-C7D8-13C7-8484-4AC65E1B71E8}"
EndProject
Project("{FAE04EC0-301F-11D3-BF4B-00C04F79EFBC}") = "BYTES.NET", "BYTES.NET (Core)\BYTES.NET\BYTES.NET.csproj", "{C180349F-4093-1677-97FF-6F63F735AE1B}"
EndProject
Project("{FAE04EC0-301F-11D3-BF4B-00C04F79EFBC}") = "BYTES.NET.Tests", "BYTES.NET (Core)\BYTES.NET.Tests\BYTES.NET.Tests.csproj", "{0D33D7CB-81FE-6A30-0CEB-946C618F1527}"
EndProject
Project("{2150E333-8FDC-42A3-9474-1A3956D46DE8}") = "BYTES.NET.Extensibility", "BYTES.NET.Extensibility", "{FCC9FB97-933B-4947-BDC0-72CC4C5FF117}"
EndProject
Project("{FAE04EC0-301F-11D3-BF4B-00C04F79EFBC}") = "BYTES.NET.Extensibility", "BYTES.NET.Extensibility\BYTES.NET.Extensibility\BYTES.NET.Extensibility.csproj", "{D8C15577-AC06-CA6E-1D6B-746CFD9A43E1}"
EndProject
Project("{FAE04EC0-301F-11D3-BF4B-00C04F79EFBC}") = "BYTES.NET.Extensibility.Tests", "BYTES.NET.Extensibility\BYTES.NET.Extensibility.Tests\BYTES.NET.Extensibility.Tests.csproj", "{348C9D04-D851-19BB-F490-84225B392B2F}"
EndProject
Project("{FAE04EC0-301F-11D3-BF4B-00C04F79EFBC}") = "NovellExampleCLI", "BYTES.NET (Core)\NovellExampleCLI\NovellExampleCLI.csproj", "{7BDE009C-ACEE-81E9-166E-A2DFBD0029EE}"
EndProject
Global
	GlobalSection(SolutionConfigurationPlatforms) = preSolution
		Debug|Any CPU = Debug|Any CPU
		Release|Any CPU = Release|Any CPU
	EndGlobalSection
	GlobalSection(ProjectConfigurationPlatforms) = postSolution
		{398EA230-460B-4A2A-8D30-E99E0BEF4005}.Debug|Any CPU.ActiveCfg = Debug|Any CPU
		{398EA230-460B-4A2A-8D30-E99E0BEF4005}.Debug|Any CPU.Build.0 = Debug|Any CPU
		{398EA230-460B-4A2A-8D30-E99E0BEF4005}.Release|Any CPU.ActiveCfg = Release|Any CPU
		{398EA230-460B-4A2A-8D30-E99E0BEF4005}.Release|Any CPU.Build.0 = Release|Any CPU
		{522903EA-0230-4191-AA85-55A943C850E5}.Debug|Any CPU.ActiveCfg = Debug|Any CPU
		{522903EA-0230-4191-AA85-55A943C850E5}.Debug|Any CPU.Build.0 = Debug|Any CPU
		{522903EA-0230-4191-AA85-55A943C850E5}.Release|Any CPU.ActiveCfg = Release|Any CPU
		{522903EA-0230-4191-AA85-55A943C850E5}.Release|Any CPU.Build.0 = Release|Any CPU
		{ACCE6866-427B-4DD3-A929-F8089E4D99F5}.Debug|Any CPU.ActiveCfg = Debug|Any CPU
		{ACCE6866-427B-4DD3-A929-F8089E4D99F5}.Debug|Any CPU.Build.0 = Debug|Any CPU
		{ACCE6866-427B-4DD3-A929-F8089E4D99F5}.Release|Any CPU.ActiveCfg = Release|Any CPU
		{ACCE6866-427B-4DD3-A929-F8089E4D99F5}.Release|Any CPU.Build.0 = Release|Any CPU
		{B58F710C-A022-42BA-BE6F-82D724FE1613}.Debug|Any CPU.ActiveCfg = Debug|Any CPU
		{B58F710C-A022-42BA-BE6F-82D724FE1613}.Debug|Any CPU.Build.0 = Debug|Any CPU
		{B58F710C-A022-42BA-BE6F-82D724FE1613}.Release|Any CPU.ActiveCfg = Release|Any CPU
		{B58F710C-A022-42BA-BE6F-82D724FE1613}.Release|Any CPU.Build.0 = Release|Any CPU
		{C180349F-4093-1677-97FF-6F63F735AE1B}.Debug|Any CPU.ActiveCfg = Debug|Any CPU
		{C180349F-4093-1677-97FF-6F63F735AE1B}.Debug|Any CPU.Build.0 = Debug|Any CPU
		{C180349F-4093-1677-97FF-6F63F735AE1B}.Release|Any CPU.ActiveCfg = Release|Any CPU
		{C180349F-4093-1677-97FF-6F63F735AE1B}.Release|Any CPU.Build.0 = Release|Any CPU
		{0D33D7CB-81FE-6A30-0CEB-946C618F1527}.Debug|Any CPU.ActiveCfg = Debug|Any CPU
		{0D33D7CB-81FE-6A30-0CEB-946C618F1527}.Debug|Any CPU.Build.0 = Debug|Any CPU
		{0D33D7CB-81FE-6A30-0CEB-946C618F1527}.Release|Any CPU.ActiveCfg = Release|Any CPU
		{0D33D7CB-81FE-6A30-0CEB-946C618F1527}.Release|Any CPU.Build.0 = Release|Any CPU
		{D8C15577-AC06-CA6E-1D6B-746CFD9A43E1}.Debug|Any CPU.ActiveCfg = Debug|Any CPU
		{D8C15577-AC06-CA6E-1D6B-746CFD9A43E1}.Debug|Any CPU.Build.0 = Debug|Any CPU
		{D8C15577-AC06-CA6E-1D6B-746CFD9A43E1}.Release|Any CPU.ActiveCfg = Release|Any CPU
		{D8C15577-AC06-CA6E-1D6B-746CFD9A43E1}.Release|Any CPU.Build.0 = Release|Any CPU
		{348C9D04-D851-19BB-F490-84225B392B2F}.Debug|Any CPU.ActiveCfg = Debug|Any CPU
		{348C9D04-D851-19BB-F490-84225B392B2F}.Debug|Any CPU.Build.0 = Debug|Any CPU
		{348C9D04-D851-19BB-F490-84225B392B2F}.Release|Any CPU.ActiveCfg = Release|Any CPU
		{348C9D04-D851-19BB-F490-84225B392B2F}.Release|Any CPU.Build.0 = Release|Any CPU
		{7BDE009C-ACEE-81E9-166E-A2DFBD0029EE}.Debug|Any CPU.ActiveCfg = Debug|Any CPU
		{7BDE009C-ACEE-81E9-166E-A2DFBD0029EE}.Debug|Any CPU.Build.0 = Debug|Any CPU
		{7BDE009C-ACEE-81E9-166E-A2DFBD0029EE}.Release|Any CPU.ActiveCfg = Release|Any CPU
		{7BDE009C-ACEE-81E9-166E-A2DFBD0029EE}.Release|Any CPU.Build.0 = Release|Any CPU
	EndGlobalSection
	GlobalSection(SolutionProperties) = preSolution
		HideSolutionNode = FALSE
	EndGlobalSection
	GlobalSection(NestedProjects) = preSolution
		{522903EA-0230-4191-AA85-55A943C850E5} = {18B25B41-BFB7-4449-AABB-3BB22AF16900}
		{ACCE6866-427B-4DD3-A929-F8089E4D99F5} = {18B25B41-BFB7-4449-AABB-3BB22AF16900}
		{C180349F-4093-1677-97FF-6F63F735AE1B} = {02EA681E-C7D8-13C7-8484-4AC65E1B71E8}
		{0D33D7CB-81FE-6A30-0CEB-946C618F1527} = {02EA681E-C7D8-13C7-8484-4AC65E1B71E8}
		{D8C15577-AC06-CA6E-1D6B-746CFD9A43E1} = {FCC9FB97-933B-4947-BDC0-72CC4C5FF117}
		{348C9D04-D851-19BB-F490-84225B392B2F} = {FCC9FB97-933B-4947-BDC0-72CC4C5FF117}
		{7BDE009C-ACEE-81E9-166E-A2DFBD0029EE} = {02EA681E-C7D8-13C7-8484-4AC65E1B71E8}
	EndGlobalSection
	GlobalSection(ExtensibilityGlobals) = postSolution
		SolutionGuid = {05504A23-AF97-4978-81BC-66590BEA4FE7}
	EndGlobalSection
EndGlobal
