
Microsoft Visual Studio Solution File, Format Version 12.00
# Visual Studio Version 17
VisualStudioVersion = 17.6.33815.320
MinimumVisualStudioVersion = 10.0.40219.1
Project("{9A19103F-16F7-4668-BE54-9A1E7A4F7556}") = "BYTES.NET", "BYTES.NET\BYTES.NET.csproj", "{5F79254E-B8B6-4CE8-A31A-42A62276EAA0}"
EndProject
Project("{9A19103F-16F7-4668-BE54-9A1E7A4F7556}") = "BYTES.NET.WPF", "BYTES.NET.WPF\BYTES.NET.WPF.csproj", "{398EA230-460B-4A2A-8D30-E99E0BEF4005}"
EndProject
Project("{2150E333-8FDC-42A3-9474-1A3956D46DE8}") = "Tests & References", "Tests & References", "{18B25B41-BFB7-4449-AABB-3BB22AF16900}"
EndProject
Project("{FAE04EC0-301F-11D3-BF4B-00C04F79EFBC}") = "BYTES.NET.WPF.App", "Tests & References\BYTES.NET.WPF.App\BYTES.NET.WPF.App.csproj", "{522903EA-0230-4191-AA85-55A943C850E5}"
EndProject
Global
	GlobalSection(SolutionConfigurationPlatforms) = preSolution
		Debug|Any CPU = Debug|Any CPU
		Release|Any CPU = Release|Any CPU
	EndGlobalSection
	GlobalSection(ProjectConfigurationPlatforms) = postSolution
		{5F79254E-B8B6-4CE8-A31A-42A62276EAA0}.Debug|Any CPU.ActiveCfg = Debug|Any CPU
		{5F79254E-B8B6-4CE8-A31A-42A62276EAA0}.Debug|Any CPU.Build.0 = Debug|Any CPU
		{5F79254E-B8B6-4CE8-A31A-42A62276EAA0}.Release|Any CPU.ActiveCfg = Release|Any CPU
		{5F79254E-B8B6-4CE8-A31A-42A62276EAA0}.Release|Any CPU.Build.0 = Release|Any CPU
		{398EA230-460B-4A2A-8D30-E99E0BEF4005}.Debug|Any CPU.ActiveCfg = Debug|Any CPU
		{398EA230-460B-4A2A-8D30-E99E0BEF4005}.Debug|Any CPU.Build.0 = Debug|Any CPU
		{398EA230-460B-4A2A-8D30-E99E0BEF4005}.Release|Any CPU.ActiveCfg = Release|Any CPU
		{398EA230-460B-4A2A-8D30-E99E0BEF4005}.Release|Any CPU.Build.0 = Release|Any CPU
		{522903EA-0230-4191-AA85-55A943C850E5}.Debug|Any CPU.ActiveCfg = Debug|Any CPU
		{522903EA-0230-4191-AA85-55A943C850E5}.Debug|Any CPU.Build.0 = Debug|Any CPU
		{522903EA-0230-4191-AA85-55A943C850E5}.Release|Any CPU.ActiveCfg = Release|Any CPU
		{522903EA-0230-4191-AA85-55A943C850E5}.Release|Any CPU.Build.0 = Release|Any CPU
	EndGlobalSection
	GlobalSection(SolutionProperties) = preSolution
		HideSolutionNode = FALSE
	EndGlobalSection
	GlobalSection(NestedProjects) = preSolution
		{522903EA-0230-4191-AA85-55A943C850E5} = {18B25B41-BFB7-4449-AABB-3BB22AF16900}
	EndGlobalSection
	GlobalSection(ExtensibilityGlobals) = postSolution
		SolutionGuid = {05504A23-AF97-4978-81BC-66590BEA4FE7}
	EndGlobalSection
EndGlobal
