
Microsoft Visual Studio Solution File, Format Version 12.00
# Visual Studio Version 17
VisualStudioVersion = 17.0.31903.59
MinimumVisualStudioVersion = 10.0.40219.1
Project("{9A19103F-16F7-4668-BE54-9A1E7A4F7556}") = "BYTES.NET", "BYTES.NET\BYTES.NET.csproj", "{B02265E7-C2AC-4BC6-A224-B555848D9E0F}"
EndProject
Project("{2150E333-8FDC-42A3-9474-1A3956D46DE8}") = "Extensions", "Extensions", "{66E7ABE6-AF1A-461C-99ED-D7A8E4C809B8}"
EndProject
Project("{9A19103F-16F7-4668-BE54-9A1E7A4F7556}") = "BYTES.NET.MS", "Extensions\BYTES.NET.MS\BYTES.NET.MS.csproj", "{C6821969-B76C-40F8-9DE4-3B0A07988CFE}"
EndProject
Project("{9A19103F-16F7-4668-BE54-9A1E7A4F7556}") = "BYTES.NET.Test", "BYTES.NET.Test\BYTES.NET.Test.csproj", "{770FE345-1C53-44AE-997A-74E833C67A4F}"
EndProject
Project("{2150E333-8FDC-42A3-9474-1A3956D46DE8}") = "Docu", "Docu", "{900BA54A-076B-4BE5-A6F8-2D13097C1C71}"
EndProject
Project("{FAE04EC0-301F-11D3-BF4B-00C04F79EFBC}") = "BYTES.NET.Docu.App.NETFULL", "Docu\BYTES.NET.Docu.App.NETFULL\BYTES.NET.Docu.App.NETFULL.csproj", "{DE701552-26B8-4B42-9AEE-2ADDC7E12E3D}"
EndProject
Project("{9A19103F-16F7-4668-BE54-9A1E7A4F7556}") = "BYTES.NET.AOP", "Extensions\BYTES.NET.AOP\BYTES.NET.AOP.csproj", "{31B1E917-4EE2-427B-B2F5-8255B7B26AA6}"
EndProject
Global
	GlobalSection(SolutionConfigurationPlatforms) = preSolution
		Debug|Any CPU = Debug|Any CPU
		Release|Any CPU = Release|Any CPU
	EndGlobalSection
	GlobalSection(ProjectConfigurationPlatforms) = postSolution
		{B02265E7-C2AC-4BC6-A224-B555848D9E0F}.Debug|Any CPU.ActiveCfg = Debug|Any CPU
		{B02265E7-C2AC-4BC6-A224-B555848D9E0F}.Debug|Any CPU.Build.0 = Debug|Any CPU
		{B02265E7-C2AC-4BC6-A224-B555848D9E0F}.Release|Any CPU.ActiveCfg = Release|Any CPU
		{B02265E7-C2AC-4BC6-A224-B555848D9E0F}.Release|Any CPU.Build.0 = Release|Any CPU
		{C6821969-B76C-40F8-9DE4-3B0A07988CFE}.Debug|Any CPU.ActiveCfg = Debug|Any CPU
		{C6821969-B76C-40F8-9DE4-3B0A07988CFE}.Debug|Any CPU.Build.0 = Debug|Any CPU
		{C6821969-B76C-40F8-9DE4-3B0A07988CFE}.Release|Any CPU.ActiveCfg = Release|Any CPU
		{C6821969-B76C-40F8-9DE4-3B0A07988CFE}.Release|Any CPU.Build.0 = Release|Any CPU
		{770FE345-1C53-44AE-997A-74E833C67A4F}.Debug|Any CPU.ActiveCfg = Debug|Any CPU
		{770FE345-1C53-44AE-997A-74E833C67A4F}.Debug|Any CPU.Build.0 = Debug|Any CPU
		{770FE345-1C53-44AE-997A-74E833C67A4F}.Release|Any CPU.ActiveCfg = Release|Any CPU
		{770FE345-1C53-44AE-997A-74E833C67A4F}.Release|Any CPU.Build.0 = Release|Any CPU
		{DE701552-26B8-4B42-9AEE-2ADDC7E12E3D}.Debug|Any CPU.ActiveCfg = Debug|Any CPU
		{DE701552-26B8-4B42-9AEE-2ADDC7E12E3D}.Debug|Any CPU.Build.0 = Debug|Any CPU
		{DE701552-26B8-4B42-9AEE-2ADDC7E12E3D}.Release|Any CPU.ActiveCfg = Release|Any CPU
		{DE701552-26B8-4B42-9AEE-2ADDC7E12E3D}.Release|Any CPU.Build.0 = Release|Any CPU
		{31B1E917-4EE2-427B-B2F5-8255B7B26AA6}.Debug|Any CPU.ActiveCfg = Debug|Any CPU
		{31B1E917-4EE2-427B-B2F5-8255B7B26AA6}.Debug|Any CPU.Build.0 = Debug|Any CPU
		{31B1E917-4EE2-427B-B2F5-8255B7B26AA6}.Release|Any CPU.ActiveCfg = Release|Any CPU
		{31B1E917-4EE2-427B-B2F5-8255B7B26AA6}.Release|Any CPU.Build.0 = Release|Any CPU
	EndGlobalSection
	GlobalSection(SolutionProperties) = preSolution
		HideSolutionNode = FALSE
	EndGlobalSection
	GlobalSection(NestedProjects) = preSolution
		{C6821969-B76C-40F8-9DE4-3B0A07988CFE} = {66E7ABE6-AF1A-461C-99ED-D7A8E4C809B8}
		{DE701552-26B8-4B42-9AEE-2ADDC7E12E3D} = {900BA54A-076B-4BE5-A6F8-2D13097C1C71}
		{31B1E917-4EE2-427B-B2F5-8255B7B26AA6} = {66E7ABE6-AF1A-461C-99ED-D7A8E4C809B8}
	EndGlobalSection
	GlobalSection(ExtensibilityGlobals) = postSolution
		SolutionGuid = {42406587-943B-481C-A869-2D987AE2DA3D}
	EndGlobalSection
EndGlobal
